
Microsoft Visual Studio Solution File, Format Version 12.00
# Visual Studio 15
VisualStudioVersion = 15.0.28307.705
MinimumVisualStudioVersion = 10.0.40219.1
Project("{FAE04EC0-301F-11D3-BF4B-00C04F79EFBC}") = "DeleteSample", "DeleteSample\DeleteSample.csproj", "{DBF51E67-20BD-4B28-8F99-737443C107EF}"
EndProject
Project("{FAE04EC0-301F-11D3-BF4B-00C04F79EFBC}") = "DelegateSample01", "DelegateSample01\DelegateSample01.csproj", "{2EAA6294-6A0D-4729-968E-6CBB0943AD98}"
EndProject
Global
	GlobalSection(SolutionConfigurationPlatforms) = preSolution
		Debug|Any CPU = Debug|Any CPU
		Release|Any CPU = Release|Any CPU
	EndGlobalSection
	GlobalSection(ProjectConfigurationPlatforms) = postSolution
		{DBF51E67-20BD-4B28-8F99-737443C107EF}.Debug|Any CPU.ActiveCfg = Debug|Any CPU
		{DBF51E67-20BD-4B28-8F99-737443C107EF}.Debug|Any CPU.Build.0 = Debug|Any CPU
		{DBF51E67-20BD-4B28-8F99-737443C107EF}.Release|Any CPU.ActiveCfg = Release|Any CPU
		{DBF51E67-20BD-4B28-8F99-737443C107EF}.Release|Any CPU.Build.0 = Release|Any CPU
		{2EAA6294-6A0D-4729-968E-6CBB0943AD98}.Debug|Any CPU.ActiveCfg = Debug|Any CPU
		{2EAA6294-6A0D-4729-968E-6CBB0943AD98}.Debug|Any CPU.Build.0 = Debug|Any CPU
		{2EAA6294-6A0D-4729-968E-6CBB0943AD98}.Release|Any CPU.ActiveCfg = Release|Any CPU
		{2EAA6294-6A0D-4729-968E-6CBB0943AD98}.Release|Any CPU.Build.0 = Release|Any CPU
	EndGlobalSection
	GlobalSection(SolutionProperties) = preSolution
		HideSolutionNode = FALSE
	EndGlobalSection
	GlobalSection(ExtensibilityGlobals) = postSolution
		SolutionGuid = {2324D5D3-72D5-4834-B7BE-281B75CB5A3A}
	EndGlobalSection
EndGlobal
