
Microsoft Visual Studio Solution File, Format Version 12.00
# Visual Studio 15
VisualStudioVersion = 15.0.28010.2041
MinimumVisualStudioVersion = 10.0.40219.1
Project("{FAE04EC0-301F-11D3-BF4B-00C04F79EFBC}") = "StringBuilderDemo", "StringBuilderDemo\StringBuilderDemo.csproj", "{F2682014-797A-4D15-802B-69C2D8A9B308}"
EndProject
Global
	GlobalSection(SolutionConfigurationPlatforms) = preSolution
		Debug|Any CPU = Debug|Any CPU
		Release|Any CPU = Release|Any CPU
	EndGlobalSection
	GlobalSection(ProjectConfigurationPlatforms) = postSolution
		{F2682014-797A-4D15-802B-69C2D8A9B308}.Debug|Any CPU.ActiveCfg = Debug|Any CPU
		{F2682014-797A-4D15-802B-69C2D8A9B308}.Debug|Any CPU.Build.0 = Debug|Any CPU
		{F2682014-797A-4D15-802B-69C2D8A9B308}.Release|Any CPU.ActiveCfg = Release|Any CPU
		{F2682014-797A-4D15-802B-69C2D8A9B308}.Release|Any CPU.Build.0 = Release|Any CPU
	EndGlobalSection
	GlobalSection(SolutionProperties) = preSolution
		HideSolutionNode = FALSE
	EndGlobalSection
	GlobalSection(ExtensibilityGlobals) = postSolution
		SolutionGuid = {46AA6079-6E2C-4BA7-9D17-095B97688432}
	EndGlobalSection
EndGlobal
