
Microsoft Visual Studio Solution File, Format Version 12.00
# Visual Studio 15
VisualStudioVersion = 15.0.28010.2041
MinimumVisualStudioVersion = 10.0.40219.1
Project("{9A19103F-16F7-4668-BE54-9A1E7A4F7556}") = "QuickstartIdentityServer", "QuickstartIdentityServer\QuickstartIdentityServer.csproj", "{8E384BEE-81A4-418F-9F4A-D04A51F5547B}"
EndProject
Project("{9A19103F-16F7-4668-BE54-9A1E7A4F7556}") = "Api", "Api\Api.csproj", "{595FEB59-EF51-49DF-8CD0-2FE88E37ECCC}"
EndProject
Project("{9A19103F-16F7-4668-BE54-9A1E7A4F7556}") = "Client", "Client\Client.csproj", "{0015456A-AED4-4AB6-81AB-E57B3809EF91}"
EndProject
Project("{FAE04EC0-301F-11D3-BF4B-00C04F79EFBC}") = "MVCClient", "MVCClient\MVCClient.csproj", "{A65D69D3-BD57-497D-B6FE-E5D3D76BFE2D}"
EndProject
Global
	GlobalSection(SolutionConfigurationPlatforms) = preSolution
		Debug|Any CPU = Debug|Any CPU
		Release|Any CPU = Release|Any CPU
	EndGlobalSection
	GlobalSection(ProjectConfigurationPlatforms) = postSolution
		{8E384BEE-81A4-418F-9F4A-D04A51F5547B}.Debug|Any CPU.ActiveCfg = Debug|Any CPU
		{8E384BEE-81A4-418F-9F4A-D04A51F5547B}.Debug|Any CPU.Build.0 = Debug|Any CPU
		{8E384BEE-81A4-418F-9F4A-D04A51F5547B}.Release|Any CPU.ActiveCfg = Release|Any CPU
		{8E384BEE-81A4-418F-9F4A-D04A51F5547B}.Release|Any CPU.Build.0 = Release|Any CPU
		{595FEB59-EF51-49DF-8CD0-2FE88E37ECCC}.Debug|Any CPU.ActiveCfg = Debug|Any CPU
		{595FEB59-EF51-49DF-8CD0-2FE88E37ECCC}.Debug|Any CPU.Build.0 = Debug|Any CPU
		{595FEB59-EF51-49DF-8CD0-2FE88E37ECCC}.Release|Any CPU.ActiveCfg = Release|Any CPU
		{595FEB59-EF51-49DF-8CD0-2FE88E37ECCC}.Release|Any CPU.Build.0 = Release|Any CPU
		{0015456A-AED4-4AB6-81AB-E57B3809EF91}.Debug|Any CPU.ActiveCfg = Debug|Any CPU
		{0015456A-AED4-4AB6-81AB-E57B3809EF91}.Debug|Any CPU.Build.0 = Debug|Any CPU
		{0015456A-AED4-4AB6-81AB-E57B3809EF91}.Release|Any CPU.ActiveCfg = Release|Any CPU
		{0015456A-AED4-4AB6-81AB-E57B3809EF91}.Release|Any CPU.Build.0 = Release|Any CPU
		{A65D69D3-BD57-497D-B6FE-E5D3D76BFE2D}.Debug|Any CPU.ActiveCfg = Debug|Any CPU
		{A65D69D3-BD57-497D-B6FE-E5D3D76BFE2D}.Debug|Any CPU.Build.0 = Debug|Any CPU
		{A65D69D3-BD57-497D-B6FE-E5D3D76BFE2D}.Release|Any CPU.ActiveCfg = Release|Any CPU
		{A65D69D3-BD57-497D-B6FE-E5D3D76BFE2D}.Release|Any CPU.Build.0 = Release|Any CPU
	EndGlobalSection
	GlobalSection(SolutionProperties) = preSolution
		HideSolutionNode = FALSE
	EndGlobalSection
	GlobalSection(ExtensibilityGlobals) = postSolution
		SolutionGuid = {43641287-B744-44A1-9023-A1711D249FF5}
	EndGlobalSection
EndGlobal
