
Microsoft Visual Studio Solution File, Format Version 12.00
# Visual Studio 14
VisualStudioVersion = 14.0.25420.1
MinimumVisualStudioVersion = 10.0.40219.1
Project("{FAE04EC0-301F-11D3-BF4B-00C04F79EFBC}") = "EncryptTool", "EncryptTool\EncryptTool.csproj", "{3CA145A3-40CA-4047-BD37-EECCBE592455}"
EndProject
Project("{54435603-DBB4-11D2-8724-00A0C9A8B90C}") = "SetupTool", "SetupTool\SetupTool.vdproj", "{9E086558-3E0D-4A25-A637-F02FC202E1A1}"
EndProject
Global
	GlobalSection(SolutionConfigurationPlatforms) = preSolution
		Debug|Any CPU = Debug|Any CPU
		Release|Any CPU = Release|Any CPU
	EndGlobalSection
	GlobalSection(ProjectConfigurationPlatforms) = postSolution
		{3CA145A3-40CA-4047-BD37-EECCBE592455}.Debug|Any CPU.ActiveCfg = Debug|Any CPU
		{3CA145A3-40CA-4047-BD37-EECCBE592455}.Debug|Any CPU.Build.0 = Debug|Any CPU
		{3CA145A3-40CA-4047-BD37-EECCBE592455}.Release|Any CPU.ActiveCfg = Release|Any CPU
		{3CA145A3-40CA-4047-BD37-EECCBE592455}.Release|Any CPU.Build.0 = Release|Any CPU
		{9E086558-3E0D-4A25-A637-F02FC202E1A1}.Debug|Any CPU.ActiveCfg = Debug
		{9E086558-3E0D-4A25-A637-F02FC202E1A1}.Release|Any CPU.ActiveCfg = Release
	EndGlobalSection
	GlobalSection(SolutionProperties) = preSolution
		HideSolutionNode = FALSE
	EndGlobalSection
EndGlobal
